// !$*UTF8*$!
{
	archiveVersion = 1;
	classes = {
	};
	objectVersion = 50;
	objects = {

/* Begin PBXBuildFile section */
		185B014C237157E200AF5A98 /* myTabBarController.swift in Sources */ = {isa = PBXBuildFile; fileRef = 185B014B237157E200AF5A98 /* myTabBarController.swift */; };
		185B015223716C5600AF5A98 /* loginViewController.swift in Sources */ = {isa = PBXBuildFile; fileRef = 185B015123716C5600AF5A98 /* loginViewController.swift */; };
		185B015423716C7600AF5A98 /* registerViewController.swift in Sources */ = {isa = PBXBuildFile; fileRef = 185B015323716C7600AF5A98 /* registerViewController.swift */; };
		185B015623716CB400AF5A98 /* calendarViewController.swift in Sources */ = {isa = PBXBuildFile; fileRef = 185B015523716CB400AF5A98 /* calendarViewController.swift */; };
		185B015823716CC700AF5A98 /* personalViewController.swift in Sources */ = {isa = PBXBuildFile; fileRef = 185B015723716CC700AF5A98 /* personalViewController.swift */; };
		185B015A23716CEB00AF5A98 /* historyViewController.swift in Sources */ = {isa = PBXBuildFile; fileRef = 185B015923716CEB00AF5A98 /* historyViewController.swift */; };
		185B015E23716DC700AF5A98 /* diaryEditViewController.swift in Sources */ = {isa = PBXBuildFile; fileRef = 185B015D23716DC700AF5A98 /* diaryEditViewController.swift */; };
		185B016023716DFE00AF5A98 /* note.swift in Sources */ = {isa = PBXBuildFile; fileRef = 185B015F23716DFE00AF5A98 /* note.swift */; };
		185B016223716E9F00AF5A98 /* personEditViewController.swift in Sources */ = {isa = PBXBuildFile; fileRef = 185B016123716E9F00AF5A98 /* personEditViewController.swift */; };
		185B0164237172B200AF5A98 /* user.swift in Sources */ = {isa = PBXBuildFile; fileRef = 185B0163237172B200AF5A98 /* user.swift */; };
		18C33AB52383D17C0011FE45 /* feeling.xib in Resources */ = {isa = PBXBuildFile; fileRef = 18C33AB42383D17C0011FE45 /* feeling.xib */; };
		18C33AB72383D1A10011FE45 /* feeling.swift in Sources */ = {isa = PBXBuildFile; fileRef = 18C33AB62383D1A10011FE45 /* feeling.swift */; };
		18F9D411235EE4D200CFA3DE /* AppDelegate.swift in Sources */ = {isa = PBXBuildFile; fileRef = 18F9D410235EE4D200CFA3DE /* AppDelegate.swift */; };
		18F9D416235EE4D200CFA3DE /* Main.storyboard in Resources */ = {isa = PBXBuildFile; fileRef = 18F9D414235EE4D200CFA3DE /* Main.storyboard */; };
		18F9D418235EE4D300CFA3DE /* Assets.xcassets in Resources */ = {isa = PBXBuildFile; fileRef = 18F9D417235EE4D300CFA3DE /* Assets.xcassets */; };
		18F9D41B235EE4D300CFA3DE /* LaunchScreen.storyboard in Resources */ = {isa = PBXBuildFile; fileRef = 18F9D419235EE4D300CFA3DE /* LaunchScreen.storyboard */; };
		F0C409D2238196CD006DB926 /* weather.swift in Sources */ = {isa = PBXBuildFile; fileRef = F0C409D1238196CD006DB926 /* weather.swift */; };
		F0C409D4238197E6006DB926 /* weather.xib in Resources */ = {isa = PBXBuildFile; fileRef = F0C409D3238197E6006DB926 /* weather.xib */; };
/* End PBXBuildFile section */

/* Begin PBXFileReference section */
		185B014B237157E200AF5A98 /* myTabBarController.swift */ = {isa = PBXFileReference; lastKnownFileType = sourcecode.swift; path = myTabBarController.swift; sourceTree = "<group>"; };
		185B015123716C5600AF5A98 /* loginViewController.swift */ = {isa = PBXFileReference; lastKnownFileType = sourcecode.swift; path = loginViewController.swift; sourceTree = "<group>"; };
		185B015323716C7600AF5A98 /* registerViewController.swift */ = {isa = PBXFileReference; lastKnownFileType = sourcecode.swift; path = registerViewController.swift; sourceTree = "<group>"; };
		185B015523716CB400AF5A98 /* calendarViewController.swift */ = {isa = PBXFileReference; lastKnownFileType = sourcecode.swift; path = calendarViewController.swift; sourceTree = "<group>"; };
		185B015723716CC700AF5A98 /* personalViewController.swift */ = {isa = PBXFileReference; lastKnownFileType = sourcecode.swift; path = personalViewController.swift; sourceTree = "<group>"; };
		185B015923716CEB00AF5A98 /* historyViewController.swift */ = {isa = PBXFileReference; lastKnownFileType = sourcecode.swift; path = historyViewController.swift; sourceTree = "<group>"; };
		185B015D23716DC700AF5A98 /* diaryEditViewController.swift */ = {isa = PBXFileReference; lastKnownFileType = sourcecode.swift; path = diaryEditViewController.swift; sourceTree = "<group>"; };
		185B015F23716DFE00AF5A98 /* note.swift */ = {isa = PBXFileReference; lastKnownFileType = sourcecode.swift; path = note.swift; sourceTree = "<group>"; };
		185B016123716E9F00AF5A98 /* personEditViewController.swift */ = {isa = PBXFileReference; lastKnownFileType = sourcecode.swift; path = personEditViewController.swift; sourceTree = "<group>"; };
		185B0163237172B200AF5A98 /* user.swift */ = {isa = PBXFileReference; lastKnownFileType = sourcecode.swift; path = user.swift; sourceTree = "<group>"; };
		18C33AB42383D17C0011FE45 /* feeling.xib */ = {isa = PBXFileReference; lastKnownFileType = file.xib; path = feeling.xib; sourceTree = "<group>"; };
		18C33AB62383D1A10011FE45 /* feeling.swift */ = {isa = PBXFileReference; lastKnownFileType = sourcecode.swift; path = feeling.swift; sourceTree = "<group>"; };
		18F9D40D235EE4D200CFA3DE /* YourDiary.app */ = {isa = PBXFileReference; explicitFileType = wrapper.application; includeInIndex = 0; path = YourDiary.app; sourceTree = BUILT_PRODUCTS_DIR; };
		18F9D410235EE4D200CFA3DE /* AppDelegate.swift */ = {isa = PBXFileReference; lastKnownFileType = sourcecode.swift; path = AppDelegate.swift; sourceTree = "<group>"; };
		18F9D415235EE4D200CFA3DE /* Base */ = {isa = PBXFileReference; lastKnownFileType = file.storyboard; name = Base; path = Base.lproj/Main.storyboard; sourceTree = "<group>"; };
		18F9D417235EE4D300CFA3DE /* Assets.xcassets */ = {isa = PBXFileReference; lastKnownFileType = folder.assetcatalog; path = Assets.xcassets; sourceTree = "<group>"; };
		18F9D41A235EE4D300CFA3DE /* Base */ = {isa = PBXFileReference; lastKnownFileType = file.storyboard; name = Base; path = Base.lproj/LaunchScreen.storyboard; sourceTree = "<group>"; };
		18F9D41C235EE4D300CFA3DE /* Info.plist */ = {isa = PBXFileReference; lastKnownFileType = text.plist.xml; path = Info.plist; sourceTree = "<group>"; };
		F0C409D1238196CD006DB926 /* weather.swift */ = {isa = PBXFileReference; lastKnownFileType = sourcecode.swift; path = weather.swift; sourceTree = "<group>"; };
		F0C409D3238197E6006DB926 /* weather.xib */ = {isa = PBXFileReference; lastKnownFileType = file.xib; path = weather.xib; sourceTree = "<group>"; };
/* End PBXFileReference section */

/* Begin PBXFrameworksBuildPhase section */
		18F9D40A235EE4D200CFA3DE /* Frameworks */ = {
			isa = PBXFrameworksBuildPhase;
			buildActionMask = 2147483647;
			files = (
			);
			runOnlyForDeploymentPostprocessing = 0;
		};
/* End PBXFrameworksBuildPhase section */

/* Begin PBXGroup section */
		18F9D404235EE4D200CFA3DE = {
			isa = PBXGroup;
			children = (
				18F9D40F235EE4D200CFA3DE /* YourDiary */,
				18F9D40E235EE4D200CFA3DE /* Products */,
			);
			sourceTree = "<group>";
		};
		18F9D40E235EE4D200CFA3DE /* Products */ = {
			isa = PBXGroup;
			children = (
				18F9D40D235EE4D200CFA3DE /* YourDiary.app */,
			);
			name = Products;
			sourceTree = "<group>";
		};
		18F9D40F235EE4D200CFA3DE /* YourDiary */ = {
			isa = PBXGroup;
			children = (
				185B014B237157E200AF5A98 /* myTabBarController.swift */,
				18F9D410235EE4D200CFA3DE /* AppDelegate.swift */,
				18F9D414235EE4D200CFA3DE /* Main.storyboard */,
				18F9D417235EE4D300CFA3DE /* Assets.xcassets */,
				18F9D419235EE4D300CFA3DE /* LaunchScreen.storyboard */,
				18F9D41C235EE4D300CFA3DE /* Info.plist */,
				185B015123716C5600AF5A98 /* loginViewController.swift */,
				185B015323716C7600AF5A98 /* registerViewController.swift */,
				185B015523716CB400AF5A98 /* calendarViewController.swift */,
				185B015723716CC700AF5A98 /* personalViewController.swift */,
				185B015923716CEB00AF5A98 /* historyViewController.swift */,
				185B015F23716DFE00AF5A98 /* note.swift */,
				185B016123716E9F00AF5A98 /* personEditViewController.swift */,
				185B0163237172B200AF5A98 /* user.swift */,
				185B015D23716DC700AF5A98 /* diaryEditViewController.swift */,
				18C33AB62383D1A10011FE45 /* feeling.swift */,
				F0C409D1238196CD006DB926 /* weather.swift */,
				18C33AB42383D17C0011FE45 /* feeling.xib */,
				F0C409D3238197E6006DB926 /* weather.xib */,
			);
			path = YourDiary;
			sourceTree = "<group>";
		};
/* End PBXGroup section */

/* Begin PBXNativeTarget section */
		18F9D40C235EE4D200CFA3DE /* YourDiary */ = {
			isa = PBXNativeTarget;
			buildConfigurationList = 18F9D41F235EE4D300CFA3DE /* Build configuration list for PBXNativeTarget "YourDiary" */;
			buildPhases = (
				18F9D409235EE4D200CFA3DE /* Sources */,
				18F9D40A235EE4D200CFA3DE /* Frameworks */,
				18F9D40B235EE4D200CFA3DE /* Resources */,
			);
			buildRules = (
			);
			dependencies = (
			);
			name = YourDiary;
			productName = YourDiary;
			productReference = 18F9D40D235EE4D200CFA3DE /* YourDiary.app */;
			productType = "com.apple.product-type.application";
		};
/* End PBXNativeTarget section */

/* Begin PBXProject section */
		18F9D405235EE4D200CFA3DE /* Project object */ = {
			isa = PBXProject;
			attributes = {
				LastSwiftUpdateCheck = 1030;
				LastUpgradeCheck = 1030;
				ORGANIZATIONNAME = feng;
				TargetAttributes = {
					18F9D40C235EE4D200CFA3DE = {
						CreatedOnToolsVersion = 10.3;
					};
				};
			};
			buildConfigurationList = 18F9D408235EE4D200CFA3DE /* Build configuration list for PBXProject "YourDiary" */;
			compatibilityVersion = "Xcode 9.3";
			developmentRegion = en;
			hasScannedForEncodings = 0;
			knownRegions = (
				en,
				Base,
			);
			mainGroup = 18F9D404235EE4D200CFA3DE;
			productRefGroup = 18F9D40E235EE4D200CFA3DE /* Products */;
			projectDirPath = "";
			projectRoot = "";
			targets = (
				18F9D40C235EE4D200CFA3DE /* YourDiary */,
			);
		};
/* End PBXProject section */

/* Begin PBXResourcesBuildPhase section */
		18F9D40B235EE4D200CFA3DE /* Resources */ = {
			isa = PBXResourcesBuildPhase;
			buildActionMask = 2147483647;
			files = (
				18C33AB52383D17C0011FE45 /* feeling.xib in Resources */,
				18F9D41B235EE4D300CFA3DE /* LaunchScreen.storyboard in Resources */,
				18F9D418235EE4D300CFA3DE /* Assets.xcassets in Resources */,
				F0C409D4238197E6006DB926 /* weather.xib in Resources */,
				18F9D416235EE4D200CFA3DE /* Main.storyboard in Resources */,
			);
			runOnlyForDeploymentPostprocessing = 0;
		};
/* End PBXResourcesBuildPhase section */

/* Begin PBXSourcesBuildPhase section */
		18F9D409235EE4D200CFA3DE /* Sources */ = {
			isa = PBXSourcesBuildPhase;
			buildActionMask = 2147483647;
			files = (
				185B015223716C5600AF5A98 /* loginViewController.swift in Sources */,
				185B016023716DFE00AF5A98 /* note.swift in Sources */,
				185B014C237157E200AF5A98 /* myTabBarController.swift in Sources */,
				185B015423716C7600AF5A98 /* registerViewController.swift in Sources */,
				18C33AB72383D1A10011FE45 /* feeling.swift in Sources */,
				185B015623716CB400AF5A98 /* calendarViewController.swift in Sources */,
				185B015E23716DC700AF5A98 /* diaryEditViewController.swift in Sources */,
				185B015823716CC700AF5A98 /* personalViewController.swift in Sources */,
				185B016223716E9F00AF5A98 /* personEditViewController.swift in Sources */,
				185B0164237172B200AF5A98 /* user.swift in Sources */,
				18F9D411235EE4D200CFA3DE /* AppDelegate.swift in Sources */,
				F0C409D2238196CD006DB926 /* weather.swift in Sources */,
				185B015A23716CEB00AF5A98 /* historyViewController.swift in Sources */,
			);
			runOnlyForDeploymentPostprocessing = 0;
		};
/* End PBXSourcesBuildPhase section */

/* Begin PBXVariantGroup section */
		18F9D414235EE4D200CFA3DE /* Main.storyboard */ = {
			isa = PBXVariantGroup;
			children = (
				18F9D415235EE4D200CFA3DE /* Base */,
			);
			name = Main.storyboard;
			sourceTree = "<group>";
		};
		18F9D419235EE4D300CFA3DE /* LaunchScreen.storyboard */ = {
			isa = PBXVariantGroup;
			children = (
				18F9D41A235EE4D300CFA3DE /* Base */,
			);
			name = LaunchScreen.storyboard;
			sourceTree = "<group>";
		};
/* End PBXVariantGroup section */

/* Begin XCBuildConfiguration section */
		18F9D41D235EE4D300CFA3DE /* Debug */ = {
			isa = XCBuildConfiguration;
			buildSettings = {
				ALWAYS_SEARCH_USER_PATHS = NO;
				CLANG_ANALYZER_NONNULL = YES;
				CLANG_ANALYZER_NUMBER_OBJECT_CONVERSION = YES_AGGRESSIVE;
				CLANG_CXX_LANGUAGE_STANDARD = "gnu++14";
				CLANG_CXX_LIBRARY = "libc++";
				CLANG_ENABLE_MODULES = YES;
				CLANG_ENABLE_OBJC_ARC = YES;
				CLANG_ENABLE_OBJC_WEAK = YES;
				CLANG_WARN_BLOCK_CAPTURE_AUTORELEASING = YES;
				CLANG_WARN_BOOL_CONVERSION = YES;
				CLANG_WARN_COMMA = YES;
				CLANG_WARN_CONSTANT_CONVERSION = YES;
				CLANG_WARN_DEPRECATED_OBJC_IMPLEMENTATIONS = YES;
				CLANG_WARN_DIRECT_OBJC_ISA_USAGE = YES_ERROR;
				CLANG_WARN_DOCUMENTATION_COMMENTS = YES;
				CLANG_WARN_EMPTY_BODY = YES;
				CLANG_WARN_ENUM_CONVERSION = YES;
				CLANG_WARN_INFINITE_RECURSION = YES;
				CLANG_WARN_INT_CONVERSION = YES;
				CLANG_WARN_NON_LITERAL_NULL_CONVERSION = YES;
				CLANG_WARN_OBJC_IMPLICIT_RETAIN_SELF = YES;
				CLANG_WARN_OBJC_LITERAL_CONVERSION = YES;
				CLANG_WARN_OBJC_ROOT_CLASS = YES_ERROR;
				CLANG_WARN_RANGE_LOOP_ANALYSIS = YES;
				CLANG_WARN_STRICT_PROTOTYPES = YES;
				CLANG_WARN_SUSPICIOUS_MOVE = YES;
				CLANG_WARN_UNGUARDED_AVAILABILITY = YES_AGGRESSIVE;
				CLANG_WARN_UNREACHABLE_CODE = YES;
				CLANG_WARN__DUPLICATE_METHOD_MATCH = YES;
				CODE_SIGN_IDENTITY = "iPhone Developer";
				COPY_PHASE_STRIP = NO;
				DEBUG_INFORMATION_FORMAT = dwarf;
				ENABLE_STRICT_OBJC_MSGSEND = YES;
				ENABLE_TESTABILITY = YES;
				GCC_C_LANGUAGE_STANDARD = gnu11;
				GCC_DYNAMIC_NO_PIC = NO;
				GCC_NO_COMMON_BLOCKS = YES;
				GCC_OPTIMIZATION_LEVEL = 0;
				GCC_PREPROCESSOR_DEFINITIONS = (
					"DEBUG=1",
					"$(inherited)",
				);
				GCC_WARN_64_TO_32_BIT_CONVERSION = YES;
				GCC_WARN_ABOUT_RETURN_TYPE = YES_ERROR;
				GCC_WARN_UNDECLARED_SELECTOR = YES;
				GCC_WARN_UNINITIALIZED_AUTOS = YES_AGGRESSIVE;
				GCC_WARN_UNUSED_FUNCTION = YES;
				GCC_WARN_UNUSED_VARIABLE = YES;
				IPHONEOS_DEPLOYMENT_TARGET = 12.4;
				MTL_ENABLE_DEBUG_INFO = INCLUDE_SOURCE;
				MTL_FAST_MATH = YES;
				ONLY_ACTIVE_ARCH = YES;
				SDKROOT = iphoneos;
				SWIFT_ACTIVE_COMPILATION_CONDITIONS = DEBUG;
				SWIFT_OPTIMIZATION_LEVEL = "-Onone";
			};
			name = Debug;
		};
		18F9D41E235EE4D300CFA3DE /* Release */ = {
			isa = XCBuildConfiguration;
			buildSettings = {
				ALWAYS_SEARCH_USER_PATHS = NO;
				CLANG_ANALYZER_NONNULL = YES;
				CLANG_ANALYZER_NUMBER_OBJECT_CONVERSION = YES_AGGRESSIVE;
				CLANG_CXX_LANGUAGE_STANDARD = "gnu++14";
				CLANG_CXX_LIBRARY = "libc++";
				CLANG_ENABLE_MODULES = YES;
				CLANG_ENABLE_OBJC_ARC = YES;
				CLANG_ENABLE_OBJC_WEAK = YES;
				CLANG_WARN_BLOCK_CAPTURE_AUTORELEASING = YES;
				CLANG_WARN_BOOL_CONVERSION = YES;
				CLANG_WARN_COMMA = YES;
				CLANG_WARN_CONSTANT_CONVERSION = YES;
				CLANG_WARN_DEPRECATED_OBJC_IMPLEMENTATIONS = YES;
				CLANG_WARN_DIRECT_OBJC_ISA_USAGE = YES_ERROR;
				CLANG_WARN_DOCUMENTATION_COMMENTS = YES;
				CLANG_WARN_EMPTY_BODY = YES;
				CLANG_WARN_ENUM_CONVERSION = YES;
				CLANG_WARN_INFINITE_RECURSION = YES;
				CLANG_WARN_INT_CONVERSION = YES;
				CLANG_WARN_NON_LITERAL_NULL_CONVERSION = YES;
				CLANG_WARN_OBJC_IMPLICIT_RETAIN_SELF = YES;
				CLANG_WARN_OBJC_LITERAL_CONVERSION = YES;
				CLANG_WARN_OBJC_ROOT_CLASS = YES_ERROR;
				CLANG_WARN_RANGE_LOOP_ANALYSIS = YES;
				CLANG_WARN_STRICT_PROTOTYPES = YES;
				CLANG_WARN_SUSPICIOUS_MOVE = YES;
				CLANG_WARN_UNGUARDED_AVAILABILITY = YES_AGGRESSIVE;
				CLANG_WARN_UNREACHABLE_CODE = YES;
				CLANG_WARN__DUPLICATE_METHOD_MATCH = YES;
				CODE_SIGN_IDENTITY = "iPhone Developer";
				COPY_PHASE_STRIP = NO;
				DEBUG_INFORMATION_FORMAT = "dwarf-with-dsym";
				ENABLE_NS_ASSERTIONS = NO;
				ENABLE_STRICT_OBJC_MSGSEND = YES;
				GCC_C_LANGUAGE_STANDARD = gnu11;
				GCC_NO_COMMON_BLOCKS = YES;
				GCC_WARN_64_TO_32_BIT_CONVERSION = YES;
				GCC_WARN_ABOUT_RETURN_TYPE = YES_ERROR;
				GCC_WARN_UNDECLARED_SELECTOR = YES;
				GCC_WARN_UNINITIALIZED_AUTOS = YES_AGGRESSIVE;
				GCC_WARN_UNUSED_FUNCTION = YES;
				GCC_WARN_UNUSED_VARIABLE = YES;
				IPHONEOS_DEPLOYMENT_TARGET = 12.4;
				MTL_ENABLE_DEBUG_INFO = NO;
				MTL_FAST_MATH = YES;
				SDKROOT = iphoneos;
				SWIFT_COMPILATION_MODE = wholemodule;
				SWIFT_OPTIMIZATION_LEVEL = "-O";
				VALIDATE_PRODUCT = YES;
			};
			name = Release;
		};
		18F9D420235EE4D300CFA3DE /* Debug */ = {
			isa = XCBuildConfiguration;
			buildSettings = {
				ASSETCATALOG_COMPILER_APPICON_NAME = AppIcon;
				CODE_SIGN_STYLE = Automatic;
				DEVELOPMENT_TEAM = "";
				INFOPLIST_FILE = YourDiary/Info.plist;
				LD_RUNPATH_SEARCH_PATHS = (
					"$(inherited)",
					"@executable_path/Frameworks",
				);
				PRODUCT_BUNDLE_IDENTIFIER = scut.biao.YourDiary;
				PRODUCT_NAME = "$(TARGET_NAME)";
				SWIFT_VERSION = 5.0;
				TARGETED_DEVICE_FAMILY = "1,2";
			};
			name = Debug;
		};
		18F9D421235EE4D300CFA3DE /* Release */ = {
			isa = XCBuildConfiguration;
			buildSettings = {
				ASSETCATALOG_COMPILER_APPICON_NAME = AppIcon;
				CODE_SIGN_STYLE = Automatic;
				DEVELOPMENT_TEAM = "";
				INFOPLIST_FILE = YourDiary/Info.plist;
				LD_RUNPATH_SEARCH_PATHS = (
					"$(inherited)",
					"@executable_path/Frameworks",
				);
				PRODUCT_BUNDLE_IDENTIFIER = scut.biao.YourDiary;
				PRODUCT_NAME = "$(TARGET_NAME)";
				SWIFT_VERSION = 5.0;
				TARGETED_DEVICE_FAMILY = "1,2";
			};
			name = Release;
		};
/* End XCBuildConfiguration section */

/* Begin XCConfigurationList section */
		18F9D408235EE4D200CFA3DE /* Build configuration list for PBXProject "YourDiary" */ = {
			isa = XCConfigurationList;
			buildConfigurations = (
				18F9D41D235EE4D300CFA3DE /* Debug */,
				18F9D41E235EE4D300CFA3DE /* Release */,
			);
			defaultConfigurationIsVisible = 0;
			defaultConfigurationName = Release;
		};
		18F9D41F235EE4D300CFA3DE /* Build configuration list for PBXNativeTarget "YourDiary" */ = {
			isa = XCConfigurationList;
			buildConfigurations = (
				18F9D420235EE4D300CFA3DE /* Debug */,
				18F9D421235EE4D300CFA3DE /* Release */,
			);
			defaultConfigurationIsVisible = 0;
			defaultConfigurationName = Release;
		};
/* End XCConfigurationList section */
	};
	rootObject = 18F9D405235EE4D200CFA3DE /* Project object */;
}
